
Microsoft Visual Studio Solution File, Format Version 12.00
# Visual Studio Version 17
VisualStudioVersion = 17.3.32929.385
MinimumVisualStudioVersion = 10.0.40219.1
Project("{9A19103F-16F7-4668-BE54-9A1E7A4F7556}") = "Dotnet5-RPG", "Dotnet5-RPG.csproj", "{0290E6D5-2654-4BBC-B1E1-33E1C6653E02}"
EndProject
Global
	GlobalSection(SolutionConfigurationPlatforms) = preSolution
		Debug|Any CPU = Debug|Any CPU
		Release|Any CPU = Release|Any CPU
	EndGlobalSection
	GlobalSection(ProjectConfigurationPlatforms) = postSolution
		{0290E6D5-2654-4BBC-B1E1-33E1C6653E02}.Debug|Any CPU.ActiveCfg = Debug|Any CPU
		{0290E6D5-2654-4BBC-B1E1-33E1C6653E02}.Debug|Any CPU.Build.0 = Debug|Any CPU
		{0290E6D5-2654-4BBC-B1E1-33E1C6653E02}.Release|Any CPU.ActiveCfg = Release|Any CPU
		{0290E6D5-2654-4BBC-B1E1-33E1C6653E02}.Release|Any CPU.Build.0 = Release|Any CPU
	EndGlobalSection
	GlobalSection(SolutionProperties) = preSolution
		HideSolutionNode = FALSE
	EndGlobalSection
	GlobalSection(ExtensibilityGlobals) = postSolution
		SolutionGuid = {7C28CC1F-7D39-44DA-98D6-F81B72C85E75}
	EndGlobalSection
EndGlobal
